
Microsoft Visual Studio Solution File, Format Version 12.00
# Visual Studio 14
VisualStudioVersion = 14.0.24720.0
MinimumVisualStudioVersion = 10.0.40219.1
Project("{2150E333-8FDC-42A3-9474-1A3956D46DE8}") = "μServices", "μServices", "{A7B19865-EBF7-454D-B7C4-5A082BA8E528}"
EndProject
Project("{2150E333-8FDC-42A3-9474-1A3956D46DE8}") = "FtpUserIsolation", "FtpUserIsolation", "{6852C087-7EB1-4657-82D8-557951C213C4}"
	ProjectSection(SolutionItems) = preProject
		..\..\..\FtpIsolation Using WcfService\FtpUserIsolationService\App_Code\DataModel.cs = ..\..\..\FtpIsolation Using WcfService\FtpUserIsolationService\App_Code\DataModel.cs
	EndProjectSection
EndProject
Project("{FAE04EC0-301F-11D3-BF4B-00C04F79EFBC}") = "FtpUserIsolationService", "FtpUserIsolation\FtpUserIsolationService.csproj", "{99EF79CD-2B0D-4B57-87F6-9546348FF077}"
EndProject
Project("{FAE04EC0-301F-11D3-BF4B-00C04F79EFBC}") = "FtpUserIsolationServiceHost", "FtpUserIsolationServiceHost\FtpUserIsolationServiceHost.csproj", "{30914406-46C6-4E11-B931-63355FB78196}"
EndProject
Project("{FAE04EC0-301F-11D3-BF4B-00C04F79EFBC}") = "FtpUserIsolationServiceIISHost", "FtpUserIsolationServiceIISHost\FtpUserIsolationServiceIISHost.csproj", "{A3C54CEE-5FA4-4C7E-B6D9-8BFD81086DFA}"
EndProject
Project("{FAE04EC0-301F-11D3-BF4B-00C04F79EFBC}") = "FtpUserIsolationServiceWcfIISHost", "FtpUserIsolationServiceWcfIISHost\FtpUserIsolationServiceWcfIISHost.csproj", "{6AC813A0-2078-4160-9AC7-CFBC94B79BA4}"
EndProject
Project("{FAE04EC0-301F-11D3-BF4B-00C04F79EFBC}") = "FtpWebApplication", "FtpWebApplication\FtpWebApplication.csproj", "{34D54533-4F44-4848-988D-53913E6AFCEC}"
EndProject
Global
	GlobalSection(SolutionConfigurationPlatforms) = preSolution
		Debug|Any CPU = Debug|Any CPU
		Release|Any CPU = Release|Any CPU
	EndGlobalSection
	GlobalSection(ProjectConfigurationPlatforms) = postSolution
		{99EF79CD-2B0D-4B57-87F6-9546348FF077}.Debug|Any CPU.ActiveCfg = Debug|Any CPU
		{99EF79CD-2B0D-4B57-87F6-9546348FF077}.Debug|Any CPU.Build.0 = Debug|Any CPU
		{99EF79CD-2B0D-4B57-87F6-9546348FF077}.Release|Any CPU.ActiveCfg = Release|Any CPU
		{99EF79CD-2B0D-4B57-87F6-9546348FF077}.Release|Any CPU.Build.0 = Release|Any CPU
		{30914406-46C6-4E11-B931-63355FB78196}.Debug|Any CPU.ActiveCfg = Debug|Any CPU
		{30914406-46C6-4E11-B931-63355FB78196}.Debug|Any CPU.Build.0 = Debug|Any CPU
		{30914406-46C6-4E11-B931-63355FB78196}.Release|Any CPU.ActiveCfg = Release|Any CPU
		{30914406-46C6-4E11-B931-63355FB78196}.Release|Any CPU.Build.0 = Release|Any CPU
		{A3C54CEE-5FA4-4C7E-B6D9-8BFD81086DFA}.Debug|Any CPU.ActiveCfg = Debug|Any CPU
		{A3C54CEE-5FA4-4C7E-B6D9-8BFD81086DFA}.Debug|Any CPU.Build.0 = Debug|Any CPU
		{A3C54CEE-5FA4-4C7E-B6D9-8BFD81086DFA}.Release|Any CPU.ActiveCfg = Release|Any CPU
		{A3C54CEE-5FA4-4C7E-B6D9-8BFD81086DFA}.Release|Any CPU.Build.0 = Release|Any CPU
		{6AC813A0-2078-4160-9AC7-CFBC94B79BA4}.Debug|Any CPU.ActiveCfg = Debug|Any CPU
		{6AC813A0-2078-4160-9AC7-CFBC94B79BA4}.Debug|Any CPU.Build.0 = Debug|Any CPU
		{6AC813A0-2078-4160-9AC7-CFBC94B79BA4}.Release|Any CPU.ActiveCfg = Release|Any CPU
		{6AC813A0-2078-4160-9AC7-CFBC94B79BA4}.Release|Any CPU.Build.0 = Release|Any CPU
		{34D54533-4F44-4848-988D-53913E6AFCEC}.Debug|Any CPU.ActiveCfg = Debug|Any CPU
		{34D54533-4F44-4848-988D-53913E6AFCEC}.Debug|Any CPU.Build.0 = Debug|Any CPU
		{34D54533-4F44-4848-988D-53913E6AFCEC}.Release|Any CPU.ActiveCfg = Release|Any CPU
		{34D54533-4F44-4848-988D-53913E6AFCEC}.Release|Any CPU.Build.0 = Release|Any CPU
	EndGlobalSection
	GlobalSection(SolutionProperties) = preSolution
		HideSolutionNode = FALSE
	EndGlobalSection
	GlobalSection(NestedProjects) = preSolution
		{6852C087-7EB1-4657-82D8-557951C213C4} = {A7B19865-EBF7-454D-B7C4-5A082BA8E528}
		{99EF79CD-2B0D-4B57-87F6-9546348FF077} = {6852C087-7EB1-4657-82D8-557951C213C4}
		{30914406-46C6-4E11-B931-63355FB78196} = {6852C087-7EB1-4657-82D8-557951C213C4}
		{A3C54CEE-5FA4-4C7E-B6D9-8BFD81086DFA} = {6852C087-7EB1-4657-82D8-557951C213C4}
		{6AC813A0-2078-4160-9AC7-CFBC94B79BA4} = {6852C087-7EB1-4657-82D8-557951C213C4}
		{34D54533-4F44-4848-988D-53913E6AFCEC} = {6852C087-7EB1-4657-82D8-557951C213C4}
	EndGlobalSection
EndGlobal
